
Microsoft Visual Studio Solution File, Format Version 12.00
# Visual Studio Version 16
VisualStudioVersion = 16.0.31112.23
MinimumVisualStudioVersion = 10.0.40219.1
Project("{9A19103F-16F7-4668-BE54-9A1E7A4F7556}") = "WepAppEmpty", "WepAppEmpty\WepAppEmpty.csproj", "{EE380EED-ADD8-4EC2-91D8-6D52FE0C9C93}"
EndProject
Project("{9A19103F-16F7-4668-BE54-9A1E7A4F7556}") = "Tools", "Tools\Tools.csproj", "{68CCE2DF-3760-45A2-A17F-9CAA8DFB082F}"
EndProject
Project("{2150E333-8FDC-42A3-9474-1A3956D46DE8}") = "01 Models", "01 Models", "{B92E93FD-8079-40EF-8D92-7353F751E253}"
EndProject
Project("{FAE04EC0-301F-11D3-BF4B-00C04F79EFBC}") = "Model.Global", "Model.Global\Model.Global.csproj", "{D723732A-3575-4C43-A212-69D84251156C}"
EndProject
Project("{FAE04EC0-301F-11D3-BF4B-00C04F79EFBC}") = "Model.Client", "Model.Client\Model.Client.csproj", "{86F0DFCB-08BB-4294-9A02-5476DED5A3FF}"
EndProject
Project("{2150E333-8FDC-42A3-9474-1A3956D46DE8}") = "02 Tools", "02 Tools", "{1D0CCAE4-5B52-4717-9657-02A4172F0CCA}"
EndProject
Project("{2150E333-8FDC-42A3-9474-1A3956D46DE8}") = "03 GestionClientMVC", "03 GestionClientMVC", "{E23C0508-F8FC-45F7-AA9C-5E4665B5F1AA}"
EndProject
Global
	GlobalSection(SolutionConfigurationPlatforms) = preSolution
		Debug|Any CPU = Debug|Any CPU
		Release|Any CPU = Release|Any CPU
	EndGlobalSection
	GlobalSection(ProjectConfigurationPlatforms) = postSolution
		{EE380EED-ADD8-4EC2-91D8-6D52FE0C9C93}.Debug|Any CPU.ActiveCfg = Debug|Any CPU
		{EE380EED-ADD8-4EC2-91D8-6D52FE0C9C93}.Debug|Any CPU.Build.0 = Debug|Any CPU
		{EE380EED-ADD8-4EC2-91D8-6D52FE0C9C93}.Release|Any CPU.ActiveCfg = Release|Any CPU
		{EE380EED-ADD8-4EC2-91D8-6D52FE0C9C93}.Release|Any CPU.Build.0 = Release|Any CPU
		{68CCE2DF-3760-45A2-A17F-9CAA8DFB082F}.Debug|Any CPU.ActiveCfg = Debug|Any CPU
		{68CCE2DF-3760-45A2-A17F-9CAA8DFB082F}.Debug|Any CPU.Build.0 = Debug|Any CPU
		{68CCE2DF-3760-45A2-A17F-9CAA8DFB082F}.Release|Any CPU.ActiveCfg = Release|Any CPU
		{68CCE2DF-3760-45A2-A17F-9CAA8DFB082F}.Release|Any CPU.Build.0 = Release|Any CPU
		{D723732A-3575-4C43-A212-69D84251156C}.Debug|Any CPU.ActiveCfg = Debug|Any CPU
		{D723732A-3575-4C43-A212-69D84251156C}.Debug|Any CPU.Build.0 = Debug|Any CPU
		{D723732A-3575-4C43-A212-69D84251156C}.Release|Any CPU.ActiveCfg = Release|Any CPU
		{D723732A-3575-4C43-A212-69D84251156C}.Release|Any CPU.Build.0 = Release|Any CPU
		{86F0DFCB-08BB-4294-9A02-5476DED5A3FF}.Debug|Any CPU.ActiveCfg = Debug|Any CPU
		{86F0DFCB-08BB-4294-9A02-5476DED5A3FF}.Debug|Any CPU.Build.0 = Debug|Any CPU
		{86F0DFCB-08BB-4294-9A02-5476DED5A3FF}.Release|Any CPU.ActiveCfg = Release|Any CPU
		{86F0DFCB-08BB-4294-9A02-5476DED5A3FF}.Release|Any CPU.Build.0 = Release|Any CPU
	EndGlobalSection
	GlobalSection(SolutionProperties) = preSolution
		HideSolutionNode = FALSE
	EndGlobalSection
	GlobalSection(NestedProjects) = preSolution
		{EE380EED-ADD8-4EC2-91D8-6D52FE0C9C93} = {E23C0508-F8FC-45F7-AA9C-5E4665B5F1AA}
		{68CCE2DF-3760-45A2-A17F-9CAA8DFB082F} = {1D0CCAE4-5B52-4717-9657-02A4172F0CCA}
		{D723732A-3575-4C43-A212-69D84251156C} = {B92E93FD-8079-40EF-8D92-7353F751E253}
		{86F0DFCB-08BB-4294-9A02-5476DED5A3FF} = {B92E93FD-8079-40EF-8D92-7353F751E253}
	EndGlobalSection
	GlobalSection(ExtensibilityGlobals) = postSolution
		SolutionGuid = {F3EC739E-568E-4ABC-90D5-5014E88492EC}
	EndGlobalSection
EndGlobal
